# Frozen direct dependency lock mandated by Immutable Specification Section 27.
# The complete transitive lock is generated and hashed on the canonical Python 3.11/A100 environment before E0.
accelerate==0.34.2
datasets==2.21.0
faiss-cpu==1.14.3
huggingface-hub==0.36.2
langchain-text-splitters==0.3.11
matplotlib==3.11.0
numpy==1.26.4
pandas==2.3.3
rank-bm25==0.2.2
sentence-transformers==3.4.1
sentencepiece==0.2.1
spacy==3.8.14
torch==2.13.0
transformers==4.57.6
tqdm==4.68.4
